<?xml version="1.0" encoding="utf-8"?>
<Project ToolsVersion="4.0" xmlns="http://schemas.microsoft.com/developer/msbuild/2003">
  <ItemGroup>
    <Filter Include="リソース ファイル">
      <UniqueIdentifier>{67DA6AB6-F800-4c08-8B7A-83BB121AAD01}</UniqueIdentifier>
      <Extensions>rc;ico;cur;bmp;dlg;rc2;rct;bin;rgs;gif;jpg;jpeg;jpe;resx;tiff;tif;png;wav;mfcribbon-ms</Extensions>
    </Filter>
    <Filter Include="manager">
      <UniqueIdentifier>{0a0fd398-bf7b-404b-98bd-d1d4f6e371e2}</UniqueIdentifier>
    </Filter>
    <Filter Include="scene">
      <UniqueIdentifier>{a636381e-31b0-428c-ae2e-40d0ea001646}</UniqueIdentifier>
    </Filter>
    <Filter Include="scene\base">
      <UniqueIdentifier>{6714a505-9912-48c5-94ea-dd714c9d1105}</UniqueIdentifier>
    </Filter>
    <Filter Include="container">
      <UniqueIdentifier>{1eafcbc1-7cb7-4c96-838f-96dc00be0a9f}</UniqueIdentifier>
    </Filter>
  </ItemGroup>
  <ItemGroup>
    <ResourceCompile Include="resource.rc">
      <Filter>リソース ファイル</Filter>
    </ResourceCompile>
  </ItemGroup>
  <ItemGroup>
    <None Include="cpp.hint">
      <Filter>リソース ファイル</Filter>
    </None>
  </ItemGroup>
  <ItemGroup>
    <ClCompile Include="GAME.cpp">
      <Filter>manager</Filter>
    </ClCompile>
    <ClCompile Include="gmain.cpp">
      <Filter>manager</Filter>
    </ClCompile>
    <ClCompile Include="GAME_OBJECT.cpp">
      <Filter>scene</Filter>
    </ClCompile>
    <ClCompile Include="TITLE.cpp">
      <Filter>scene</Filter>
    </ClCompile>
    <ClCompile Include="STAGE.cpp">
      <Filter>scene</Filter>
    </ClCompile>
    <ClCompile Include="GAME_CLEAR.cpp">
      <Filter>scene</Filter>
    </ClCompile>
    <ClCompile Include="GAME_OVER.cpp">
      <Filter>scene</Filter>
    </ClCompile>
    <ClCompile Include="SCENE.cpp">
      <Filter>scene\base</Filter>
    </ClCompile>
    <ClCompile Include="CONTAINER.cpp">
      <Filter>container</Filter>
    </ClCompile>
    <ClCompile Include="PLAYER.cpp" />
    <ClCompile Include="ENEMIES.cpp" />
    <ClCompile Include="BULLETS.cpp" />
    <ClCompile Include="PLAYER_BULLETS.cpp" />
  </ItemGroup>
  <ItemGroup>
    <ClInclude Include="GAME.h">
      <Filter>manager</Filter>
    </ClInclude>
    <ClInclude Include="GAME_OBJECT.h">
      <Filter>scene</Filter>
    </ClInclude>
    <ClInclude Include="TITLE.h">
      <Filter>scene</Filter>
    </ClInclude>
    <ClInclude Include="GAME_CLEAR.h">
      <Filter>scene</Filter>
    </ClInclude>
    <ClInclude Include="GAME_OVER.h">
      <Filter>scene</Filter>
    </ClInclude>
    <ClInclude Include="STAGE.h">
      <Filter>scene</Filter>
    </ClInclude>
    <ClInclude Include="SCENE.h">
      <Filter>scene\base</Filter>
    </ClInclude>
    <ClInclude Include="CONTAINER.h">
      <Filter>container</Filter>
    </ClInclude>
    <ClInclude Include="PLAYER.h" />
    <ClInclude Include="ENEMIES.h" />
    <ClInclude Include="BULLETS.h" />
    <ClInclude Include="PLAYER_BULLETS.h" />
  </ItemGroup>
</Project>